
Microsoft Visual Studio Solution File, Format Version 12.00
# Visual Studio Version 17
VisualStudioVersion = 17.4.33213.308
MinimumVisualStudioVersion = 10.0.40219.1
Project("{FAE04EC0-301F-11D3-BF4B-00C04F79EFBC}") = "BancoDigital.Domain", "BancoDigital.Domain\BancoDigital.Domain.csproj", "{BEB66771-0F71-4C95-BC75-7B0FC06C3699}"
EndProject
Project("{FAE04EC0-301F-11D3-BF4B-00C04F79EFBC}") = "BancoDigital.API", "BancoDigital.API\BancoDigital.API.csproj", "{A16B8C04-0B5A-431B-A0D9-517B703193FB}"
EndProject
Global
	GlobalSection(SolutionConfigurationPlatforms) = preSolution
		Debug|Any CPU = Debug|Any CPU
		Release|Any CPU = Release|Any CPU
	EndGlobalSection
	GlobalSection(ProjectConfigurationPlatforms) = postSolution
		{BEB66771-0F71-4C95-BC75-7B0FC06C3699}.Debug|Any CPU.ActiveCfg = Debug|Any CPU
		{BEB66771-0F71-4C95-BC75-7B0FC06C3699}.Debug|Any CPU.Build.0 = Debug|Any CPU
		{BEB66771-0F71-4C95-BC75-7B0FC06C3699}.Release|Any CPU.ActiveCfg = Release|Any CPU
		{BEB66771-0F71-4C95-BC75-7B0FC06C3699}.Release|Any CPU.Build.0 = Release|Any CPU
		{A16B8C04-0B5A-431B-A0D9-517B703193FB}.Debug|Any CPU.ActiveCfg = Debug|Any CPU
		{A16B8C04-0B5A-431B-A0D9-517B703193FB}.Debug|Any CPU.Build.0 = Debug|Any CPU
		{A16B8C04-0B5A-431B-A0D9-517B703193FB}.Release|Any CPU.ActiveCfg = Release|Any CPU
		{A16B8C04-0B5A-431B-A0D9-517B703193FB}.Release|Any CPU.Build.0 = Release|Any CPU
	EndGlobalSection
	GlobalSection(SolutionProperties) = preSolution
		HideSolutionNode = FALSE
	EndGlobalSection
	GlobalSection(ExtensibilityGlobals) = postSolution
		SolutionGuid = {DC1B32B8-550F-42C4-A101-01547BDA266B}
	EndGlobalSection
EndGlobal
